
Microsoft Visual Studio Solution File, Format Version 12.00
# Visual Studio Version 16
VisualStudioVersion = 16.0.30225.117
MinimumVisualStudioVersion = 10.0.40219.1
Project("{9A19103F-16F7-4668-BE54-9A1E7A4F7556}") = "Gaokao", "Gaokao\Gaokao.csproj", "{380362A0-6BFC-41E9-AA99-D931F62D50AA}"
EndProject
Project("{888888A0-9F3D-457C-B088-3A5042F75D52}") = "Spyder", "Spyder\Spyder.pyproj", "{D4D2B64E-A1D7-447A-AC8B-9B42738D5ADC}"
EndProject
Project("{2150E333-8FDC-42A3-9474-1A3956D46DE8}") = "Solution Items", "Solution Items", "{A2425E4D-62E3-479A-9F14-8AF0A5DEA86D}"
	ProjectSection(SolutionItems) = preProject
		.gitignore = .gitignore
	EndProjectSection
EndProject
Project("{888888A0-9F3D-457C-B088-3A5042F75D52}") = "Data_Processing", "DP\Data_Processing.pyproj", "{6520A797-18DA-4C3F-AAE4-4CC285373AD1}"
EndProject
Global
	GlobalSection(SolutionConfigurationPlatforms) = preSolution
		Debug|Any CPU = Debug|Any CPU
		Release|Any CPU = Release|Any CPU
	EndGlobalSection
	GlobalSection(ProjectConfigurationPlatforms) = postSolution
		{380362A0-6BFC-41E9-AA99-D931F62D50AA}.Debug|Any CPU.ActiveCfg = Debug|Any CPU
		{380362A0-6BFC-41E9-AA99-D931F62D50AA}.Debug|Any CPU.Build.0 = Debug|Any CPU
		{380362A0-6BFC-41E9-AA99-D931F62D50AA}.Release|Any CPU.ActiveCfg = Release|Any CPU
		{380362A0-6BFC-41E9-AA99-D931F62D50AA}.Release|Any CPU.Build.0 = Release|Any CPU
		{D4D2B64E-A1D7-447A-AC8B-9B42738D5ADC}.Debug|Any CPU.ActiveCfg = Debug|Any CPU
		{D4D2B64E-A1D7-447A-AC8B-9B42738D5ADC}.Release|Any CPU.ActiveCfg = Release|Any CPU
		{6520A797-18DA-4C3F-AAE4-4CC285373AD1}.Debug|Any CPU.ActiveCfg = Debug|Any CPU
		{6520A797-18DA-4C3F-AAE4-4CC285373AD1}.Release|Any CPU.ActiveCfg = Release|Any CPU
	EndGlobalSection
	GlobalSection(SolutionProperties) = preSolution
		HideSolutionNode = FALSE
	EndGlobalSection
	GlobalSection(ExtensibilityGlobals) = postSolution
		SolutionGuid = {C4DEE3CC-7B5C-4509-A964-4B0104475076}
	EndGlobalSection
EndGlobal
